
Microsoft Visual Studio Solution File, Format Version 12.00
# Visual Studio 2017
Project("{FAE04EC0-301F-11D3-BF4B-00C04F79EFBC}") = "MRTKLearn", "MRTKLearn.csproj", "{633A291C-1D9C-EA9F-D666-526214BE9CE8}"
EndProject
Project("{FAE04EC0-301F-11D3-BF4B-00C04F79EFBC}") = "MRTKLearn.Editor", "MRTKLearn.Editor.csproj", "{4964BB08-D7AA-E99C-8316-D61A97A738F9}"
EndProject
Global
	GlobalSection(SolutionConfigurationPlatforms) = preSolution
		Debug|Any CPU = Debug|Any CPU
		Release|Any CPU = Release|Any CPU
	EndGlobalSection
	GlobalSection(ProjectConfigurationPlatforms) = postSolution
		{633A291C-1D9C-EA9F-D666-526214BE9CE8}.Debug|Any CPU.ActiveCfg = Debug|Any CPU
		{633A291C-1D9C-EA9F-D666-526214BE9CE8}.Debug|Any CPU.Build.0 = Debug|Any CPU
		{633A291C-1D9C-EA9F-D666-526214BE9CE8}.Release|Any CPU.ActiveCfg = Release|Any CPU
		{633A291C-1D9C-EA9F-D666-526214BE9CE8}.Release|Any CPU.Build.0 = Release|Any CPU
		{4964BB08-D7AA-E99C-8316-D61A97A738F9}.Debug|Any CPU.ActiveCfg = Debug|Any CPU
		{4964BB08-D7AA-E99C-8316-D61A97A738F9}.Debug|Any CPU.Build.0 = Debug|Any CPU
		{4964BB08-D7AA-E99C-8316-D61A97A738F9}.Release|Any CPU.ActiveCfg = Release|Any CPU
		{4964BB08-D7AA-E99C-8316-D61A97A738F9}.Release|Any CPU.Build.0 = Release|Any CPU
	EndGlobalSection
	GlobalSection(SolutionProperties) = preSolution
		HideSolutionNode = FALSE
	EndGlobalSection
EndGlobal
