
Microsoft Visual Studio Solution File, Format Version 12.00
# Visual Studio 2015
Project("{FAE04EC0-301F-11D3-BF4B-00C04F79EFBC}") = "VoiceMemo.CSharp", "VoiceMemo.CSharp.csproj", "{C419CE7D-A89D-7619-C1C3-00CFA0887D93}"
EndProject
Project("{FAE04EC0-301F-11D3-BF4B-00C04F79EFBC}") = "VoiceMemo.CSharp.Editor", "VoiceMemo.CSharp.Editor.csproj", "{D6F2B906-EC6C-EF40-156C-E1F48EFEB063}"
EndProject
Global
	GlobalSection(SolutionConfigurationPlatforms) = preSolution
		Debug|Any CPU = Debug|Any CPU
		Release|Any CPU = Release|Any CPU
	EndGlobalSection
	GlobalSection(ProjectConfigurationPlatforms) = postSolution
		{C419CE7D-A89D-7619-C1C3-00CFA0887D93}.Debug|Any CPU.ActiveCfg = Debug|Any CPU
		{C419CE7D-A89D-7619-C1C3-00CFA0887D93}.Debug|Any CPU.Build.0 = Debug|Any CPU
		{C419CE7D-A89D-7619-C1C3-00CFA0887D93}.Release|Any CPU.ActiveCfg = Release|Any CPU
		{C419CE7D-A89D-7619-C1C3-00CFA0887D93}.Release|Any CPU.Build.0 = Release|Any CPU
		{D6F2B906-EC6C-EF40-156C-E1F48EFEB063}.Debug|Any CPU.ActiveCfg = Debug|Any CPU
		{D6F2B906-EC6C-EF40-156C-E1F48EFEB063}.Debug|Any CPU.Build.0 = Debug|Any CPU
		{D6F2B906-EC6C-EF40-156C-E1F48EFEB063}.Release|Any CPU.ActiveCfg = Release|Any CPU
		{D6F2B906-EC6C-EF40-156C-E1F48EFEB063}.Release|Any CPU.Build.0 = Release|Any CPU
	EndGlobalSection
	GlobalSection(SolutionProperties) = preSolution
		HideSolutionNode = FALSE
	EndGlobalSection
EndGlobal
