
Microsoft Visual Studio Solution File, Format Version 12.00
# Visual Studio 2015
Project("{FAE04EC0-301F-11D3-BF4B-00C04F79EFBC}") = "LearnBinary.CSharp", "LearnBinary.CSharp.csproj", "{7E457E14-4C74-C3AA-514B-85AD8EE07E9D}"
EndProject
Project("{FAE04EC0-301F-11D3-BF4B-00C04F79EFBC}") = "LearnBinary.CSharp.Editor", "LearnBinary.CSharp.Editor.csproj", "{58177A98-040C-A533-123B-F137C94B8AF3}"
EndProject
Global
	GlobalSection(SolutionConfigurationPlatforms) = preSolution
		Debug|Any CPU = Debug|Any CPU
		Release|Any CPU = Release|Any CPU
	EndGlobalSection
	GlobalSection(ProjectConfigurationPlatforms) = postSolution
		{7E457E14-4C74-C3AA-514B-85AD8EE07E9D}.Debug|Any CPU.ActiveCfg = Debug|Any CPU
		{7E457E14-4C74-C3AA-514B-85AD8EE07E9D}.Debug|Any CPU.Build.0 = Debug|Any CPU
		{7E457E14-4C74-C3AA-514B-85AD8EE07E9D}.Release|Any CPU.ActiveCfg = Release|Any CPU
		{7E457E14-4C74-C3AA-514B-85AD8EE07E9D}.Release|Any CPU.Build.0 = Release|Any CPU
		{58177A98-040C-A533-123B-F137C94B8AF3}.Debug|Any CPU.ActiveCfg = Debug|Any CPU
		{58177A98-040C-A533-123B-F137C94B8AF3}.Debug|Any CPU.Build.0 = Debug|Any CPU
		{58177A98-040C-A533-123B-F137C94B8AF3}.Release|Any CPU.ActiveCfg = Release|Any CPU
		{58177A98-040C-A533-123B-F137C94B8AF3}.Release|Any CPU.Build.0 = Release|Any CPU
	EndGlobalSection
	GlobalSection(SolutionProperties) = preSolution
		HideSolutionNode = FALSE
	EndGlobalSection
EndGlobal
