
Microsoft Visual Studio Solution File, Format Version 12.00
# Visual Studio 2015
Project("{FAE04EC0-301F-11D3-BF4B-00C04F79EFBC}") = "EnviroLight", "EnviroLight.csproj", "{06DF00CC-8F24-F703-C319-359638CBE286}"
EndProject
Project("{FAE04EC0-301F-11D3-BF4B-00C04F79EFBC}") = "EnviroLight.Editor", "EnviroLight.Editor.csproj", "{A344F180-65A8-DD4E-927B-09F1812B7D51}"
EndProject
Global
	GlobalSection(SolutionConfigurationPlatforms) = preSolution
		Debug|Any CPU = Debug|Any CPU
		Release|Any CPU = Release|Any CPU
	EndGlobalSection
	GlobalSection(ProjectConfigurationPlatforms) = postSolution
		{06DF00CC-8F24-F703-C319-359638CBE286}.Debug|Any CPU.ActiveCfg = Debug|Any CPU
		{06DF00CC-8F24-F703-C319-359638CBE286}.Debug|Any CPU.Build.0 = Debug|Any CPU
		{06DF00CC-8F24-F703-C319-359638CBE286}.Release|Any CPU.ActiveCfg = Release|Any CPU
		{06DF00CC-8F24-F703-C319-359638CBE286}.Release|Any CPU.Build.0 = Release|Any CPU
		{A344F180-65A8-DD4E-927B-09F1812B7D51}.Debug|Any CPU.ActiveCfg = Debug|Any CPU
		{A344F180-65A8-DD4E-927B-09F1812B7D51}.Debug|Any CPU.Build.0 = Debug|Any CPU
		{A344F180-65A8-DD4E-927B-09F1812B7D51}.Release|Any CPU.ActiveCfg = Release|Any CPU
		{A344F180-65A8-DD4E-927B-09F1812B7D51}.Release|Any CPU.Build.0 = Release|Any CPU
	EndGlobalSection
	GlobalSection(SolutionProperties) = preSolution
		HideSolutionNode = FALSE
	EndGlobalSection
EndGlobal
